version = 1
requires-python = ">=3.12"

[[package]]
name = "colorama"
version = "0.4.6"
source = { registry = "https://pypi.org/simple" }
sdist = { url = "https://files.pythonhosted.org/packages/d8/53/6f443c9a4a8358a93a6792e2acffb9d9d5cb0a5cfd8802644b7b1c9a02e4/colorama-0.4.6.tar.gz", hash = "sha256:08695f5cb7ed6e0531a20572697297273c47b8cae5a63ffc6d6ed5c201be6e44", size = 27697 }
wheels = [
    { url = "https://files.pythonhosted.org/packages/d1/d6/3965ed04c63042e047cb6a3e6ed1a63a35087b6a609aa3a15ed8ac56c221/colorama-0.4.6-py2.py3-none-any.whl", hash = "sha256:4f1d9991f5acc0ca119f9d443620b77f9d6b33703e51011c16baf57afb285fc6", size = 25335 },
]

[[package]]
name = "iniconfig"
version = "2.0.0"
source = { registry = "https://pypi.org/simple" }
sdist = { url = "https://files.pythonhosted.org/packages/d7/4b/cbd8e699e64a6f16ca3a8220661b5f83792b3017d0f79807cb8708d33913/iniconfig-2.0.0.tar.gz", hash = "sha256:2d91e135bf72d31a410b17c16da610a82cb55f6b0477d1a902134b24a455b8b3", size = 4646 }
wheels = [
    { url = "https://files.pythonhosted.org/packages/ef/a6/62565a6e1cf69e10f5727360368e451d4b7f58beeac6173dc9db836a5b46/iniconfig-2.0.0-py3-none-any.whl", hash = "sha256:b6a85871a79d2e3b22d2d1b94ac2824226a63c6b741c88f7ae975f18b6778374", size = 5892 },
]

[[package]]
name = "packaging"
version = "24.1"
source = { registry = "https://pypi.org/simple" }
sdist = { url = "https://files.pythonhosted.org/packages/51/65/50db4dda066951078f0a96cf12f4b9ada6e4b811516bf0262c0f4f7064d4/packaging-24.1.tar.gz", hash = "sha256:026ed72c8ed3fcce5bf8950572258698927fd1dbda10a5e981cdf0ac37f4f002", size = 148788 }
wheels = [
    { url = "https://files.pythonhosted.org/packages/08/aa/cc0199a5f0ad350994d660967a8efb233fe0416e4639146c089643407ce6/packaging-24.1-py3-none-any.whl", hash = "sha256:5b8f2217dbdbd2f7f384c41c628544e6d52f2d0f53c6d0c3ea61aa5d1d7ff124", size = 53985 },
]

[[package]]
name = "pluggy"
version = "1.5.0"
source = { registry = "https://pypi.org/simple" }
sdist = { url = "https://files.pythonhosted.org/packages/96/2d/02d4312c973c6050a18b314a5ad0b3210edb65a906f868e31c111dede4a6/pluggy-1.5.0.tar.gz", hash = "sha256:2cffa88e94fdc978c4c574f15f9e59b7f4201d439195c3715ca9e2486f1d0cf1", size = 67955 }
wheels = [
    { url = "https://files.pythonhosted.org/packages/88/5f/e351af9a41f866ac3f1fac4ca0613908d9a41741cfcf2228f4ad853b697d/pluggy-1.5.0-py3-none-any.whl", hash = "sha256:44e1ad92c8ca002de6377e165f3e0f1be63266ab4d554740532335b9d75ea669", size = 20556 },
]

[[package]]
name = "psycopg"
version = "3.2.1"
source = { registry = "https://pypi.org/simple" }
dependencies = [
    { name = "typing-extensions" },
    { name = "tzdata", marker = "sys_platform == 'win32'" },
]
sdist = { url = "https://files.pythonhosted.org/packages/ff/8e/f176997fd790d3dce9fa0ca695391beaeee39af7ecd6d426c4c063cf6744/psycopg-3.2.1.tar.gz", hash = "sha256:dc8da6dc8729dacacda3cc2f17d2c9397a70a66cf0d2b69c91065d60d5f00cb7", size = 155313 }
wheels = [
    { url = "https://files.pythonhosted.org/packages/8a/0e/0f755db36f47f96464463385552f8f132a981731356837c9a30a11ab2d35/psycopg-3.2.1-py3-none-any.whl", hash = "sha256:ece385fb413a37db332f97c49208b36cf030ff02b199d7635ed2fbd378724175", size = 197743 },
]

[package.optional-dependencies]
binary = [
    { name = "psycopg-binary", marker = "implementation_name != 'pypy'" },
]

[[package]]
name = "psycopg-binary"
version = "3.2.1"
source = { registry = "https://pypi.org/simple" }
wheels = [
    { url = "https://files.pythonhosted.org/packages/50/5d/51d39aafab4384a744d5e927b7867f3dadd8537249e8173e34aaf894db94/psycopg_binary-3.2.1-cp312-cp312-macosx_12_0_x86_64.whl", hash = "sha256:7066d3dca196ed0dc6172f9777b2d62e4f138705886be656cccff2d555234d60", size = 3359766 },
    { url = "https://files.pythonhosted.org/packages/e4/7b/75be686af04e2019b53a9ff22de3aa750db7d34f532e4b949ed15a78b627/psycopg_binary-3.2.1-cp312-cp312-macosx_14_0_arm64.whl", hash = "sha256:28ada5f610468c57d8a4a055a8ea915d0085a43d794266c4f3b9d02f4288f4db", size = 3503325 },
    { url = "https://files.pythonhosted.org/packages/3f/9a/28da916a65fb40fb3e1a97e1ae0a26860d8c1265c6e9766bd6c47abc437b/psycopg_binary-3.2.1-cp312-cp312-manylinux_2_17_aarch64.manylinux2014_aarch64.whl", hash = "sha256:2e8213bf50af073b1aa8dc3cff123bfeedac86332a16c1b7274910bc88a847c7", size = 4443593 },
    { url = "https://files.pythonhosted.org/packages/b0/9a/3dc1237a2ef3344b347af79e1aad2a60277cfafa2846f54cb13e1cd8c528/psycopg_binary-3.2.1-cp312-cp312-manylinux_2_17_i686.manylinux2014_i686.whl", hash = "sha256:74d623261655a169bc84a9669890975c229f2fa6e19a7f2d10a77675dcf1a707", size = 4247005 },
    { url = "https://files.pythonhosted.org/packages/d0/a9/06491cb0338b6f0868d349d2a526586dc165e508b64daa2ff45f9db7ba4b/psycopg_binary-3.2.1-cp312-cp312-manylinux_2_17_ppc64le.manylinux2014_ppc64le.whl", hash = "sha256:42781ba94e8842ee98bca5a7d0c44cc9d067500fedca2d6a90fa3609b6d16b42", size = 4484179 },
    { url = "https://files.pythonhosted.org/packages/4b/5f/b1116467dd18b4efc1aa7f03c96da751724a43c6a630979c61f60a9fbe5f/psycopg_binary-3.2.1-cp312-cp312-manylinux_2_17_x86_64.manylinux2014_x86_64.whl", hash = "sha256:33e6669091d09f8ba36e10ce678a6d9916e110446236a9b92346464a3565635e", size = 4186490 },
    { url = "https://files.pythonhosted.org/packages/a4/87/6092d1701d36c5aeb74c35cb54266fd44ee0f7711cafa4c0bffd873bdb61/psycopg_binary-3.2.1-cp312-cp312-musllinux_1_2_aarch64.whl", hash = "sha256:b09e8a576a2ac69d695032ee76f31e03b30781828b5dd6d18c6a009e5a3d1c35", size = 3109385 },
    { url = "https://files.pythonhosted.org/packages/62/61/4ad7e29d09202478b6f568fff19efa978a4f2c25cb5efcd73544a4ee8be7/psycopg_binary-3.2.1-cp312-cp312-musllinux_1_2_i686.whl", hash = "sha256:8f28ff0cb9f1defdc4a6f8c958bf6787274247e7dfeca811f6e2f56602695fb1", size = 3094397 },
    { url = "https://files.pythonhosted.org/packages/b7/dd/0ae42c64bf524d1fcf9bf861ab09d331e693ae00e527ba08131b2d3729a3/psycopg_binary-3.2.1-cp312-cp312-musllinux_1_2_ppc64le.whl", hash = "sha256:4c84fcac8a3a3479ac14673095cc4e1fdba2935499f72c436785ac679bec0d1a", size = 3184097 },
    { url = "https://files.pythonhosted.org/packages/dd/f0/09329ebb0cd03e2ee5786fc9914ac904f4965b78627f15826f8258fde734/psycopg_binary-3.2.1-cp312-cp312-musllinux_1_2_x86_64.whl", hash = "sha256:950fd666ec9e9fe6a8eeb2b5a8f17301790e518953730ad44d715b59ffdbc67f", size = 3228517 },
    { url = "https://files.pythonhosted.org/packages/60/2f/979228189adbeb59afce626f1e7c3bf73cc7ff94217099a2ddfd6fd132ff/psycopg_binary-3.2.1-cp312-cp312-win_amd64.whl", hash = "sha256:334046a937bb086c36e2c6889fe327f9f29bfc085d678f70fac0b0618949f674", size = 2911959 },
]

[[package]]
name = "py-todo-app"
version = "0.1.0"
source = { editable = "." }
dependencies = [
    { name = "psycopg", extra = ["binary"] },
]

[package.dev-dependencies]
dev = [
    { name = "pytest" },
]

[package.metadata]
requires-dist = [{ name = "psycopg", extras = ["binary"], specifier = ">=3.2.1" }]

[package.metadata.requires-dev]
dev = [{ name = "pytest", specifier = ">=8.3.3" }]

[[package]]
name = "pytest"
version = "8.3.3"
source = { registry = "https://pypi.org/simple" }
dependencies = [
    { name = "colorama", marker = "sys_platform == 'win32'" },
    { name = "iniconfig" },
    { name = "packaging" },
    { name = "pluggy" },
]
sdist = { url = "https://files.pythonhosted.org/packages/8b/6c/62bbd536103af674e227c41a8f3dcd022d591f6eed5facb5a0f31ee33bbc/pytest-8.3.3.tar.gz", hash = "sha256:70b98107bd648308a7952b06e6ca9a50bc660be218d53c257cc1fc94fda10181", size = 1442487 }
wheels = [
    { url = "https://files.pythonhosted.org/packages/6b/77/7440a06a8ead44c7757a64362dd22df5760f9b12dc5f11b6188cd2fc27a0/pytest-8.3.3-py3-none-any.whl", hash = "sha256:a6853c7375b2663155079443d2e45de913a911a11d669df02a50814944db57b2", size = 342341 },
]

[[package]]
name = "typing-extensions"
version = "4.12.2"
source = { registry = "https://pypi.org/simple" }
sdist = { url = "https://files.pythonhosted.org/packages/df/db/f35a00659bc03fec321ba8bce9420de607a1d37f8342eee1863174c69557/typing_extensions-4.12.2.tar.gz", hash = "sha256:1a7ead55c7e559dd4dee8856e3a88b41225abfe1ce8df57b7c13915fe121ffb8", size = 85321 }
wheels = [
    { url = "https://files.pythonhosted.org/packages/26/9f/ad63fc0248c5379346306f8668cda6e2e2e9c95e01216d2b8ffd9ff037d0/typing_extensions-4.12.2-py3-none-any.whl", hash = "sha256:04e5ca0351e0f3f85c6853954072df659d0d13fac324d0072316b67d7794700d", size = 37438 },
]

[[package]]
name = "tzdata"
version = "2024.1"
source = { registry = "https://pypi.org/simple" }
sdist = { url = "https://files.pythonhosted.org/packages/74/5b/e025d02cb3b66b7b76093404392d4b44343c69101cc85f4d180dd5784717/tzdata-2024.1.tar.gz", hash = "sha256:2674120f8d891909751c38abcdfd386ac0a5a1127954fbc332af6b5ceae07efd", size = 190559 }
wheels = [
    { url = "https://files.pythonhosted.org/packages/65/58/f9c9e6be752e9fcb8b6a0ee9fb87e6e7a1f6bcab2cdc73f02bb7ba91ada0/tzdata-2024.1-py2.py3-none-any.whl", hash = "sha256:9068bc196136463f5245e51efda838afa15aaeca9903f49050dfa2679db4d252", size = 345370 },
]
